
Microsoft Visual Studio Solution File, Format Version 12.00
# Visual Studio Version 17
VisualStudioVersion = 17.11.35222.181
MinimumVisualStudioVersion = 10.0.40219.1
Project("{FAE04EC0-301F-11D3-BF4B-00C04F79EFBC}") = "TestApplicationMDI", "TestApplicationMDI.csproj", "{04221B3B-3BA5-44DB-AE93-6A43DD630498}"
EndProject
Global
	GlobalSection(SolutionConfigurationPlatforms) = preSolution
		Debug|Any CPU = Debug|Any CPU
		Release|Any CPU = Release|Any CPU
	EndGlobalSection
	GlobalSection(ProjectConfigurationPlatforms) = postSolution
		{04221B3B-3BA5-44DB-AE93-6A43DD630498}.Debug|Any CPU.ActiveCfg = Debug|Any CPU
		{04221B3B-3BA5-44DB-AE93-6A43DD630498}.Debug|Any CPU.Build.0 = Debug|Any CPU
		{04221B3B-3BA5-44DB-AE93-6A43DD630498}.Release|Any CPU.ActiveCfg = Release|Any CPU
		{04221B3B-3BA5-44DB-AE93-6A43DD630498}.Release|Any CPU.Build.0 = Release|Any CPU
	EndGlobalSection
	GlobalSection(SolutionProperties) = preSolution
		HideSolutionNode = FALSE
	EndGlobalSection
	GlobalSection(ExtensibilityGlobals) = postSolution
		SolutionGuid = {EA5DF971-0FFC-4F90-91CB-F112F3034EE1}
	EndGlobalSection
EndGlobal
